// !$*UTF8*$!
{
	archiveVersion = 1;
	classes = {
	};
	objectVersion = 46;
	objects = {

/* Begin PBXBuildFile section */
		FA0A62131B8993BB0092FB91 /* Hi.c in Sources */ = {isa = PBXBuildFile; fileRef = FA0A62121B8993BB0092FB91 /* Hi.c */; };
		FAB645881B88C24C000D1450 /* main.m in Sources */ = {isa = PBXBuildFile; fileRef = FAB645871B88C24C000D1450 /* main.m */; };
		FAB6458B1B88C24C000D1450 /* AppDelegate.m in Sources */ = {isa = PBXBuildFile; fileRef = FAB6458A1B88C24C000D1450 /* AppDelegate.m */; };
		FAB6458E1B88C24D000D1450 /* ViewController.m in Sources */ = {isa = PBXBuildFile; fileRef = FAB6458D1B88C24D000D1450 /* ViewController.m */; };
		FAB645911B88C24D000D1450 /* Main.storyboard in Resources */ = {isa = PBXBuildFile; fileRef = FAB6458F1B88C24D000D1450 /* Main.storyboard */; };
		FAB645931B88C24D000D1450 /* Images.xcassets in Resources */ = {isa = PBXBuildFile; fileRef = FAB645921B88C24D000D1450 /* Images.xcassets */; };
		FAB645961B88C24D000D1450 /* LaunchScreen.xib in Resources */ = {isa = PBXBuildFile; fileRef = FAB645941B88C24D000D1450 /* LaunchScreen.xib */; };
		FAB645A21B88C24D000D1450 /* L05HelloObjCTests.m in Sources */ = {isa = PBXBuildFile; fileRef = FAB645A11B88C24D000D1450 /* L05HelloObjCTests.m */; };
		FAB645AC1B88CE60000D1450 /* img.jpg in Resources */ = {isa = PBXBuildFile; fileRef = FAB645AB1B88CE60000D1450 /* img.jpg */; };
/* End PBXBuildFile section */

/* Begin PBXContainerItemProxy section */
		FAB6459C1B88C24D000D1450 /* PBXContainerItemProxy */ = {
			isa = PBXContainerItemProxy;
			containerPortal = FAB6457A1B88C24C000D1450 /* Project object */;
			proxyType = 1;
			remoteGlobalIDString = FAB645811B88C24C000D1450;
			remoteInfo = L05HelloObjC;
		};
/* End PBXContainerItemProxy section */

/* Begin PBXFileReference section */
		FA0A62111B8993A60092FB91 /* Hi.h */ = {isa = PBXFileReference; lastKnownFileType = sourcecode.c.h; path = Hi.h; sourceTree = "<group>"; };
		FA0A62121B8993BB0092FB91 /* Hi.c */ = {isa = PBXFileReference; fileEncoding = 4; lastKnownFileType = sourcecode.c.c; path = Hi.c; sourceTree = "<group>"; };
		FAB645821B88C24C000D1450 /* L05HelloObjC.app */ = {isa = PBXFileReference; explicitFileType = wrapper.application; includeInIndex = 0; path = L05HelloObjC.app; sourceTree = BUILT_PRODUCTS_DIR; };
		FAB645861B88C24C000D1450 /* Info.plist */ = {isa = PBXFileReference; lastKnownFileType = text.plist.xml; path = Info.plist; sourceTree = "<group>"; };
		FAB645871B88C24C000D1450 /* main.m */ = {isa = PBXFileReference; lastKnownFileType = sourcecode.c.objc; path = main.m; sourceTree = "<group>"; };
		FAB645891B88C24C000D1450 /* AppDelegate.h */ = {isa = PBXFileReference; lastKnownFileType = sourcecode.c.h; path = AppDelegate.h; sourceTree = "<group>"; };
		FAB6458A1B88C24C000D1450 /* AppDelegate.m */ = {isa = PBXFileReference; lastKnownFileType = sourcecode.c.objc; path = AppDelegate.m; sourceTree = "<group>"; };
		FAB6458C1B88C24C000D1450 /* ViewController.h */ = {isa = PBXFileReference; lastKnownFileType = sourcecode.c.h; path = ViewController.h; sourceTree = "<group>"; };
		FAB6458D1B88C24D000D1450 /* ViewController.m */ = {isa = PBXFileReference; lastKnownFileType = sourcecode.c.objc; path = ViewController.m; sourceTree = "<group>"; };
		FAB645901B88C24D000D1450 /* Base */ = {isa = PBXFileReference; lastKnownFileType = file.storyboard; name = Base; path = Base.lproj/Main.storyboard; sourceTree = "<group>"; };
		FAB645921B88C24D000D1450 /* Images.xcassets */ = {isa = PBXFileReference; lastKnownFileType = folder.assetcatalog; path = Images.xcassets; sourceTree = "<group>"; };
		FAB645951B88C24D000D1450 /* Base */ = {isa = PBXFileReference; lastKnownFileType = file.xib; name = Base; path = Base.lproj/LaunchScreen.xib; sourceTree = "<group>"; };
		FAB6459B1B88C24D000D1450 /* L05HelloObjCTests.xctest */ = {isa = PBXFileReference; explicitFileType = wrapper.cfbundle; includeInIndex = 0; path = L05HelloObjCTests.xctest; sourceTree = BUILT_PRODUCTS_DIR; };
		FAB645A01B88C24D000D1450 /* Info.plist */ = {isa = PBXFileReference; lastKnownFileType = text.plist.xml; path = Info.plist; sourceTree = "<group>"; };
		FAB645A11B88C24D000D1450 /* L05HelloObjCTests.m */ = {isa = PBXFileReference; lastKnownFileType = sourcecode.c.objc; path = L05HelloObjCTests.m; sourceTree = "<group>"; };
		FAB645AB1B88CE60000D1450 /* img.jpg */ = {isa = PBXFileReference; lastKnownFileType = image.jpeg; path = img.jpg; sourceTree = "<group>"; };
/* End PBXFileReference section */

/* Begin PBXFrameworksBuildPhase section */
		FAB6457F1B88C24C000D1450 /* Frameworks */ = {
			isa = PBXFrameworksBuildPhase;
			buildActionMask = 2147483647;
			files = (
			);
			runOnlyForDeploymentPostprocessing = 0;
		};
		FAB645981B88C24D000D1450 /* Frameworks */ = {
			isa = PBXFrameworksBuildPhase;
			buildActionMask = 2147483647;
			files = (
			);
			runOnlyForDeploymentPostprocessing = 0;
		};
/* End PBXFrameworksBuildPhase section */

/* Begin PBXGroup section */
		FAB645791B88C24C000D1450 = {
			isa = PBXGroup;
			children = (
				FAB645841B88C24C000D1450 /* L05HelloObjC */,
				FAB6459E1B88C24D000D1450 /* L05HelloObjCTests */,
				FAB645831B88C24C000D1450 /* Products */,
			);
			sourceTree = "<group>";
		};
		FAB645831B88C24C000D1450 /* Products */ = {
			isa = PBXGroup;
			children = (
				FAB645821B88C24C000D1450 /* L05HelloObjC.app */,
				FAB6459B1B88C24D000D1450 /* L05HelloObjCTests.xctest */,
			);
			name = Products;
			sourceTree = "<group>";
		};
		FAB645841B88C24C000D1450 /* L05HelloObjC */ = {
			isa = PBXGroup;
			children = (
				FAB645891B88C24C000D1450 /* AppDelegate.h */,
				FAB6458A1B88C24C000D1450 /* AppDelegate.m */,
				FAB6458C1B88C24C000D1450 /* ViewController.h */,
				FAB6458D1B88C24D000D1450 /* ViewController.m */,
				FAB6458F1B88C24D000D1450 /* Main.storyboard */,
				FAB645921B88C24D000D1450 /* Images.xcassets */,
				FAB645941B88C24D000D1450 /* LaunchScreen.xib */,
				FAB645851B88C24C000D1450 /* Supporting Files */,
				FA0A62111B8993A60092FB91 /* Hi.h */,
				FA0A62121B8993BB0092FB91 /* Hi.c */,
			);
			path = L05HelloObjC;
			sourceTree = "<group>";
		};
		FAB645851B88C24C000D1450 /* Supporting Files */ = {
			isa = PBXGroup;
			children = (
				FAB645AB1B88CE60000D1450 /* img.jpg */,
				FAB645861B88C24C000D1450 /* Info.plist */,
				FAB645871B88C24C000D1450 /* main.m */,
			);
			name = "Supporting Files";
			sourceTree = "<group>";
		};
		FAB6459E1B88C24D000D1450 /* L05HelloObjCTests */ = {
			isa = PBXGroup;
			children = (
				FAB645A11B88C24D000D1450 /* L05HelloObjCTests.m */,
				FAB6459F1B88C24D000D1450 /* Supporting Files */,
			);
			path = L05HelloObjCTests;
			sourceTree = "<group>";
		};
		FAB6459F1B88C24D000D1450 /* Supporting Files */ = {
			isa = PBXGroup;
			children = (
				FAB645A01B88C24D000D1450 /* Info.plist */,
			);
			name = "Supporting Files";
			sourceTree = "<group>";
		};
/* End PBXGroup section */

/* Begin PBXNativeTarget section */
		FAB645811B88C24C000D1450 /* L05HelloObjC */ = {
			isa = PBXNativeTarget;
			buildConfigurationList = FAB645A51B88C24D000D1450 /* Build configuration list for PBXNativeTarget "L05HelloObjC" */;
			buildPhases = (
				FAB6457E1B88C24C000D1450 /* Sources */,
				FAB6457F1B88C24C000D1450 /* Frameworks */,
				FAB645801B88C24C000D1450 /* Resources */,
			);
			buildRules = (
			);
			dependencies = (
			);
			name = L05HelloObjC;
			productName = L05HelloObjC;
			productReference = FAB645821B88C24C000D1450 /* L05HelloObjC.app */;
			productType = "com.apple.product-type.application";
		};
		FAB6459A1B88C24D000D1450 /* L05HelloObjCTests */ = {
			isa = PBXNativeTarget;
			buildConfigurationList = FAB645A81B88C24D000D1450 /* Build configuration list for PBXNativeTarget "L05HelloObjCTests" */;
			buildPhases = (
				FAB645971B88C24D000D1450 /* Sources */,
				FAB645981B88C24D000D1450 /* Frameworks */,
				FAB645991B88C24D000D1450 /* Resources */,
			);
			buildRules = (
			);
			dependencies = (
				FAB6459D1B88C24D000D1450 /* PBXTargetDependency */,
			);
			name = L05HelloObjCTests;
			productName = L05HelloObjCTests;
			productReference = FAB6459B1B88C24D000D1450 /* L05HelloObjCTests.xctest */;
			productType = "com.apple.product-type.bundle.unit-test";
		};
/* End PBXNativeTarget section */

/* Begin PBXProject section */
		FAB6457A1B88C24C000D1450 /* Project object */ = {
			isa = PBXProject;
			attributes = {
				LastUpgradeCheck = 0640;
				ORGANIZATIONNAME = gaoruishan;
				TargetAttributes = {
					FAB645811B88C24C000D1450 = {
						CreatedOnToolsVersion = 6.4;
					};
					FAB6459A1B88C24D000D1450 = {
						CreatedOnToolsVersion = 6.4;
						TestTargetID = FAB645811B88C24C000D1450;
					};
				};
			};
			buildConfigurationList = FAB6457D1B88C24C000D1450 /* Build configuration list for PBXProject "L05HelloObjC" */;
			compatibilityVersion = "Xcode 3.2";
			developmentRegion = English;
			hasScannedForEncodings = 0;
			knownRegions = (
				en,
				Base,
			);
			mainGroup = FAB645791B88C24C000D1450;
			productRefGroup = FAB645831B88C24C000D1450 /* Products */;
			projectDirPath = "";
			projectRoot = "";
			targets = (
				FAB645811B88C24C000D1450 /* L05HelloObjC */,
				FAB6459A1B88C24D000D1450 /* L05HelloObjCTests */,
			);
		};
/* End PBXProject section */

/* Begin PBXResourcesBuildPhase section */
		FAB645801B88C24C000D1450 /* Resources */ = {
			isa = PBXResourcesBuildPhase;
			buildActionMask = 2147483647;
			files = (
				FAB645911B88C24D000D1450 /* Main.storyboard in Resources */,
				FAB645961B88C24D000D1450 /* LaunchScreen.xib in Resources */,
				FAB645931B88C24D000D1450 /* Images.xcassets in Resources */,
				FAB645AC1B88CE60000D1450 /* img.jpg in Resources */,
			);
			runOnlyForDeploymentPostprocessing = 0;
		};
		FAB645991B88C24D000D1450 /* Resources */ = {
			isa = PBXResourcesBuildPhase;
			buildActionMask = 2147483647;
			files = (
			);
			runOnlyForDeploymentPostprocessing = 0;
		};
/* End PBXResourcesBuildPhase section */

/* Begin PBXSourcesBuildPhase section */
		FAB6457E1B88C24C000D1450 /* Sources */ = {
			isa = PBXSourcesBuildPhase;
			buildActionMask = 2147483647;
			files = (
				FAB6458E1B88C24D000D1450 /* ViewController.m in Sources */,
				FAB6458B1B88C24C000D1450 /* AppDelegate.m in Sources */,
				FA0A62131B8993BB0092FB91 /* Hi.c in Sources */,
				FAB645881B88C24C000D1450 /* main.m in Sources */,
			);
			runOnlyForDeploymentPostprocessing = 0;
		};
		FAB645971B88C24D000D1450 /* Sources */ = {
			isa = PBXSourcesBuildPhase;
			buildActionMask = 2147483647;
			files = (
				FAB645A21B88C24D000D1450 /* L05HelloObjCTests.m in Sources */,
			);
			runOnlyForDeploymentPostprocessing = 0;
		};
/* End PBXSourcesBuildPhase section */

/* Begin PBXTargetDependency section */
		FAB6459D1B88C24D000D1450 /* PBXTargetDependency */ = {
			isa = PBXTargetDependency;
			target = FAB645811B88C24C000D1450 /* L05HelloObjC */;
			targetProxy = FAB6459C1B88C24D000D1450 /* PBXContainerItemProxy */;
		};
/* End PBXTargetDependency section */

/* Begin PBXVariantGroup section */
		FAB6458F1B88C24D000D1450 /* Main.storyboard */ = {
			isa = PBXVariantGroup;
			children = (
				FAB645901B88C24D000D1450 /* Base */,
			);
			name = Main.storyboard;
			sourceTree = "<group>";
		};
		FAB645941B88C24D000D1450 /* LaunchScreen.xib */ = {
			isa = PBXVariantGroup;
			children = (
				FAB645951B88C24D000D1450 /* Base */,
			);
			name = LaunchScreen.xib;
			sourceTree = "<group>";
		};
/* End PBXVariantGroup section */

/* Begin XCBuildConfiguration section */
		FAB645A31B88C24D000D1450 /* Debug */ = {
			isa = XCBuildConfiguration;
			buildSettings = {
				ALWAYS_SEARCH_USER_PATHS = NO;
				CLANG_CXX_LANGUAGE_STANDARD = "gnu++0x";
				CLANG_CXX_LIBRARY = "libc++";
				CLANG_ENABLE_MODULES = YES;
				CLANG_ENABLE_OBJC_ARC = YES;
				CLANG_WARN_BOOL_CONVERSION = YES;
				CLANG_WARN_CONSTANT_CONVERSION = YES;
				CLANG_WARN_DIRECT_OBJC_ISA_USAGE = YES_ERROR;
				CLANG_WARN_EMPTY_BODY = YES;
				CLANG_WARN_ENUM_CONVERSION = YES;
				CLANG_WARN_INT_CONVERSION = YES;
				CLANG_WARN_OBJC_ROOT_CLASS = YES_ERROR;
				CLANG_WARN_UNREACHABLE_CODE = YES;
				CLANG_WARN__DUPLICATE_METHOD_MATCH = YES;
				"CODE_SIGN_IDENTITY[sdk=iphoneos*]" = "iPhone Developer";
				COPY_PHASE_STRIP = NO;
				DEBUG_INFORMATION_FORMAT = "dwarf-with-dsym";
				ENABLE_STRICT_OBJC_MSGSEND = YES;
				GCC_C_LANGUAGE_STANDARD = gnu99;
				GCC_DYNAMIC_NO_PIC = NO;
				GCC_NO_COMMON_BLOCKS = YES;
				GCC_OPTIMIZATION_LEVEL = 0;
				GCC_PREPROCESSOR_DEFINITIONS = (
					"DEBUG=1",
					"$(inherited)",
				);
				GCC_SYMBOLS_PRIVATE_EXTERN = NO;
				GCC_WARN_64_TO_32_BIT_CONVERSION = YES;
				GCC_WARN_ABOUT_RETURN_TYPE = YES_ERROR;
				GCC_WARN_UNDECLARED_SELECTOR = YES;
				GCC_WARN_UNINITIALIZED_AUTOS = YES_AGGRESSIVE;
				GCC_WARN_UNUSED_FUNCTION = YES;
				GCC_WARN_UNUSED_VARIABLE = YES;
				IPHONEOS_DEPLOYMENT_TARGET = 8.4;
				MTL_ENABLE_DEBUG_INFO = YES;
				ONLY_ACTIVE_ARCH = YES;
				SDKROOT = iphoneos;
			};
			name = Debug;
		};
		FAB645A41B88C24D000D1450 /* Release */ = {
			isa = XCBuildConfiguration;
			buildSettings = {
				ALWAYS_SEARCH_USER_PATHS = NO;
				CLANG_CXX_LANGUAGE_STANDARD = "gnu++0x";
				CLANG_CXX_LIBRARY = "libc++";
				CLANG_ENABLE_MODULES = YES;
				CLANG_ENABLE_OBJC_ARC = YES;
				CLANG_WARN_BOOL_CONVERSION = YES;
				CLANG_WARN_CONSTANT_CONVERSION = YES;
				CLANG_WARN_DIRECT_OBJC_ISA_USAGE = YES_ERROR;
				CLANG_WARN_EMPTY_BODY = YES;
				CLANG_WARN_ENUM_CONVERSION = YES;
				CLANG_WARN_INT_CONVERSION = YES;
				CLANG_WARN_OBJC_ROOT_CLASS = YES_ERROR;
				CLANG_WARN_UNREACHABLE_CODE = YES;
				CLANG_WARN__DUPLICATE_METHOD_MATCH = YES;
				"CODE_SIGN_IDENTITY[sdk=iphoneos*]" = "iPhone Developer";
				COPY_PHASE_STRIP = NO;
				DEBUG_INFORMATION_FORMAT = "dwarf-with-dsym";
				ENABLE_NS_ASSERTIONS = NO;
				ENABLE_STRICT_OBJC_MSGSEND = YES;
				GCC_C_LANGUAGE_STANDARD = gnu99;
				GCC_NO_COMMON_BLOCKS = YES;
				GCC_WARN_64_TO_32_BIT_CONVERSION = YES;
				GCC_WARN_ABOUT_RETURN_TYPE = YES_ERROR;
				GCC_WARN_UNDECLARED_SELECTOR = YES;
				GCC_WARN_UNINITIALIZED_AUTOS = YES_AGGRESSIVE;
				GCC_WARN_UNUSED_FUNCTION = YES;
				GCC_WARN_UNUSED_VARIABLE = YES;
				IPHONEOS_DEPLOYMENT_TARGET = 8.4;
				MTL_ENABLE_DEBUG_INFO = NO;
				SDKROOT = iphoneos;
				VALIDATE_PRODUCT = YES;
			};
			name = Release;
		};
		FAB645A61B88C24D000D1450 /* Debug */ = {
			isa = XCBuildConfiguration;
			buildSettings = {
				ASSETCATALOG_COMPILER_APPICON_NAME = AppIcon;
				INFOPLIST_FILE = L05HelloObjC/Info.plist;
				LD_RUNPATH_SEARCH_PATHS = "$(inherited) @executable_path/Frameworks";
				PRODUCT_NAME = "$(TARGET_NAME)";
				TARGETED_DEVICE_FAMILY = 1;
			};
			name = Debug;
		};
		FAB645A71B88C24D000D1450 /* Release */ = {
			isa = XCBuildConfiguration;
			buildSettings = {
				ASSETCATALOG_COMPILER_APPICON_NAME = AppIcon;
				INFOPLIST_FILE = L05HelloObjC/Info.plist;
				LD_RUNPATH_SEARCH_PATHS = "$(inherited) @executable_path/Frameworks";
				PRODUCT_NAME = "$(TARGET_NAME)";
				TARGETED_DEVICE_FAMILY = 1;
			};
			name = Release;
		};
		FAB645A91B88C24D000D1450 /* Debug */ = {
			isa = XCBuildConfiguration;
			buildSettings = {
				BUNDLE_LOADER = "$(TEST_HOST)";
				FRAMEWORK_SEARCH_PATHS = (
					"$(SDKROOT)/Developer/Library/Frameworks",
					"$(inherited)",
				);
				GCC_PREPROCESSOR_DEFINITIONS = (
					"DEBUG=1",
					"$(inherited)",
				);
				INFOPLIST_FILE = L05HelloObjCTests/Info.plist;
				LD_RUNPATH_SEARCH_PATHS = "$(inherited) @executable_path/Frameworks @loader_path/Frameworks";
				PRODUCT_NAME = "$(TARGET_NAME)";
				TEST_HOST = "$(BUILT_PRODUCTS_DIR)/L05HelloObjC.app/L05HelloObjC";
			};
			name = Debug;
		};
		FAB645AA1B88C24D000D1450 /* Release */ = {
			isa = XCBuildConfiguration;
			buildSettings = {
				BUNDLE_LOADER = "$(TEST_HOST)";
				FRAMEWORK_SEARCH_PATHS = (
					"$(SDKROOT)/Developer/Library/Frameworks",
					"$(inherited)",
				);
				INFOPLIST_FILE = L05HelloObjCTests/Info.plist;
				LD_RUNPATH_SEARCH_PATHS = "$(inherited) @executable_path/Frameworks @loader_path/Frameworks";
				PRODUCT_NAME = "$(TARGET_NAME)";
				TEST_HOST = "$(BUILT_PRODUCTS_DIR)/L05HelloObjC.app/L05HelloObjC";
			};
			name = Release;
		};
/* End XCBuildConfiguration section */

/* Begin XCConfigurationList section */
		FAB6457D1B88C24C000D1450 /* Build configuration list for PBXProject "L05HelloObjC" */ = {
			isa = XCConfigurationList;
			buildConfigurations = (
				FAB645A31B88C24D000D1450 /* Debug */,
				FAB645A41B88C24D000D1450 /* Release */,
			);
			defaultConfigurationIsVisible = 0;
			defaultConfigurationName = Release;
		};
		FAB645A51B88C24D000D1450 /* Build configuration list for PBXNativeTarget "L05HelloObjC" */ = {
			isa = XCConfigurationList;
			buildConfigurations = (
				FAB645A61B88C24D000D1450 /* Debug */,
				FAB645A71B88C24D000D1450 /* Release */,
			);
			defaultConfigurationIsVisible = 0;
			defaultConfigurationName = Release;
		};
		FAB645A81B88C24D000D1450 /* Build configuration list for PBXNativeTarget "L05HelloObjCTests" */ = {
			isa = XCConfigurationList;
			buildConfigurations = (
				FAB645A91B88C24D000D1450 /* Debug */,
				FAB645AA1B88C24D000D1450 /* Release */,
			);
			defaultConfigurationIsVisible = 0;
			defaultConfigurationName = Release;
		};
/* End XCConfigurationList section */
	};
	rootObject = FAB6457A1B88C24C000D1450 /* Project object */;
}
