// !$*UTF8*$!
{
	archiveVersion = 1;
	classes = {
	};
	objectVersion = 46;
	objects = {

/* Begin PBXBuildFile section */
		FACD61511B8A06C70075A44A /* main.m in Sources */ = {isa = PBXBuildFile; fileRef = FACD61501B8A06C70075A44A /* main.m */; };
		FACD61541B8A06C70075A44A /* AppDelegate.m in Sources */ = {isa = PBXBuildFile; fileRef = FACD61531B8A06C70075A44A /* AppDelegate.m */; };
		FACD61571B8A06C70075A44A /* ViewController.m in Sources */ = {isa = PBXBuildFile; fileRef = FACD61561B8A06C70075A44A /* ViewController.m */; };
		FACD615A1B8A06C70075A44A /* Main.storyboard in Resources */ = {isa = PBXBuildFile; fileRef = FACD61581B8A06C70075A44A /* Main.storyboard */; };
		FACD615C1B8A06C70075A44A /* Images.xcassets in Resources */ = {isa = PBXBuildFile; fileRef = FACD615B1B8A06C70075A44A /* Images.xcassets */; };
		FACD615F1B8A06C70075A44A /* LaunchScreen.xib in Resources */ = {isa = PBXBuildFile; fileRef = FACD615D1B8A06C70075A44A /* LaunchScreen.xib */; };
		FACD616B1B8A06C70075A44A /* L09DemoObjCTests.m in Sources */ = {isa = PBXBuildFile; fileRef = FACD616A1B8A06C70075A44A /* L09DemoObjCTests.m */; };
/* End PBXBuildFile section */

/* Begin PBXContainerItemProxy section */
		FACD61651B8A06C70075A44A /* PBXContainerItemProxy */ = {
			isa = PBXContainerItemProxy;
			containerPortal = FACD61431B8A06C70075A44A /* Project object */;
			proxyType = 1;
			remoteGlobalIDString = FACD614A1B8A06C70075A44A;
			remoteInfo = L09DemoObjC;
		};
/* End PBXContainerItemProxy section */

/* Begin PBXFileReference section */
		FACD614B1B8A06C70075A44A /* L09DemoObjC.app */ = {isa = PBXFileReference; explicitFileType = wrapper.application; includeInIndex = 0; path = L09DemoObjC.app; sourceTree = BUILT_PRODUCTS_DIR; };
		FACD614F1B8A06C70075A44A /* Info.plist */ = {isa = PBXFileReference; lastKnownFileType = text.plist.xml; path = Info.plist; sourceTree = "<group>"; };
		FACD61501B8A06C70075A44A /* main.m */ = {isa = PBXFileReference; lastKnownFileType = sourcecode.c.objc; path = main.m; sourceTree = "<group>"; };
		FACD61521B8A06C70075A44A /* AppDelegate.h */ = {isa = PBXFileReference; lastKnownFileType = sourcecode.c.h; path = AppDelegate.h; sourceTree = "<group>"; };
		FACD61531B8A06C70075A44A /* AppDelegate.m */ = {isa = PBXFileReference; lastKnownFileType = sourcecode.c.objc; path = AppDelegate.m; sourceTree = "<group>"; };
		FACD61551B8A06C70075A44A /* ViewController.h */ = {isa = PBXFileReference; lastKnownFileType = sourcecode.c.h; path = ViewController.h; sourceTree = "<group>"; };
		FACD61561B8A06C70075A44A /* ViewController.m */ = {isa = PBXFileReference; lastKnownFileType = sourcecode.c.objc; path = ViewController.m; sourceTree = "<group>"; };
		FACD61591B8A06C70075A44A /* Base */ = {isa = PBXFileReference; lastKnownFileType = file.storyboard; name = Base; path = Base.lproj/Main.storyboard; sourceTree = "<group>"; };
		FACD615B1B8A06C70075A44A /* Images.xcassets */ = {isa = PBXFileReference; lastKnownFileType = folder.assetcatalog; path = Images.xcassets; sourceTree = "<group>"; };
		FACD615E1B8A06C70075A44A /* Base */ = {isa = PBXFileReference; lastKnownFileType = file.xib; name = Base; path = Base.lproj/LaunchScreen.xib; sourceTree = "<group>"; };
		FACD61641B8A06C70075A44A /* L09DemoObjCTests.xctest */ = {isa = PBXFileReference; explicitFileType = wrapper.cfbundle; includeInIndex = 0; path = L09DemoObjCTests.xctest; sourceTree = BUILT_PRODUCTS_DIR; };
		FACD61691B8A06C70075A44A /* Info.plist */ = {isa = PBXFileReference; lastKnownFileType = text.plist.xml; path = Info.plist; sourceTree = "<group>"; };
		FACD616A1B8A06C70075A44A /* L09DemoObjCTests.m */ = {isa = PBXFileReference; lastKnownFileType = sourcecode.c.objc; path = L09DemoObjCTests.m; sourceTree = "<group>"; };
/* End PBXFileReference section */

/* Begin PBXFrameworksBuildPhase section */
		FACD61481B8A06C70075A44A /* Frameworks */ = {
			isa = PBXFrameworksBuildPhase;
			buildActionMask = 2147483647;
			files = (
			);
			runOnlyForDeploymentPostprocessing = 0;
		};
		FACD61611B8A06C70075A44A /* Frameworks */ = {
			isa = PBXFrameworksBuildPhase;
			buildActionMask = 2147483647;
			files = (
			);
			runOnlyForDeploymentPostprocessing = 0;
		};
/* End PBXFrameworksBuildPhase section */

/* Begin PBXGroup section */
		FACD61421B8A06C70075A44A = {
			isa = PBXGroup;
			children = (
				FACD614D1B8A06C70075A44A /* L09DemoObjC */,
				FACD61671B8A06C70075A44A /* L09DemoObjCTests */,
				FACD614C1B8A06C70075A44A /* Products */,
			);
			sourceTree = "<group>";
		};
		FACD614C1B8A06C70075A44A /* Products */ = {
			isa = PBXGroup;
			children = (
				FACD614B1B8A06C70075A44A /* L09DemoObjC.app */,
				FACD61641B8A06C70075A44A /* L09DemoObjCTests.xctest */,
			);
			name = Products;
			sourceTree = "<group>";
		};
		FACD614D1B8A06C70075A44A /* L09DemoObjC */ = {
			isa = PBXGroup;
			children = (
				FACD61521B8A06C70075A44A /* AppDelegate.h */,
				FACD61531B8A06C70075A44A /* AppDelegate.m */,
				FACD61551B8A06C70075A44A /* ViewController.h */,
				FACD61561B8A06C70075A44A /* ViewController.m */,
				FACD61581B8A06C70075A44A /* Main.storyboard */,
				FACD615B1B8A06C70075A44A /* Images.xcassets */,
				FACD615D1B8A06C70075A44A /* LaunchScreen.xib */,
				FACD614E1B8A06C70075A44A /* Supporting Files */,
			);
			path = L09DemoObjC;
			sourceTree = "<group>";
		};
		FACD614E1B8A06C70075A44A /* Supporting Files */ = {
			isa = PBXGroup;
			children = (
				FACD614F1B8A06C70075A44A /* Info.plist */,
				FACD61501B8A06C70075A44A /* main.m */,
			);
			name = "Supporting Files";
			sourceTree = "<group>";
		};
		FACD61671B8A06C70075A44A /* L09DemoObjCTests */ = {
			isa = PBXGroup;
			children = (
				FACD616A1B8A06C70075A44A /* L09DemoObjCTests.m */,
				FACD61681B8A06C70075A44A /* Supporting Files */,
			);
			path = L09DemoObjCTests;
			sourceTree = "<group>";
		};
		FACD61681B8A06C70075A44A /* Supporting Files */ = {
			isa = PBXGroup;
			children = (
				FACD61691B8A06C70075A44A /* Info.plist */,
			);
			name = "Supporting Files";
			sourceTree = "<group>";
		};
/* End PBXGroup section */

/* Begin PBXNativeTarget section */
		FACD614A1B8A06C70075A44A /* L09DemoObjC */ = {
			isa = PBXNativeTarget;
			buildConfigurationList = FACD616E1B8A06C70075A44A /* Build configuration list for PBXNativeTarget "L09DemoObjC" */;
			buildPhases = (
				FACD61471B8A06C70075A44A /* Sources */,
				FACD61481B8A06C70075A44A /* Frameworks */,
				FACD61491B8A06C70075A44A /* Resources */,
			);
			buildRules = (
			);
			dependencies = (
			);
			name = L09DemoObjC;
			productName = L09DemoObjC;
			productReference = FACD614B1B8A06C70075A44A /* L09DemoObjC.app */;
			productType = "com.apple.product-type.application";
		};
		FACD61631B8A06C70075A44A /* L09DemoObjCTests */ = {
			isa = PBXNativeTarget;
			buildConfigurationList = FACD61711B8A06C70075A44A /* Build configuration list for PBXNativeTarget "L09DemoObjCTests" */;
			buildPhases = (
				FACD61601B8A06C70075A44A /* Sources */,
				FACD61611B8A06C70075A44A /* Frameworks */,
				FACD61621B8A06C70075A44A /* Resources */,
			);
			buildRules = (
			);
			dependencies = (
				FACD61661B8A06C70075A44A /* PBXTargetDependency */,
			);
			name = L09DemoObjCTests;
			productName = L09DemoObjCTests;
			productReference = FACD61641B8A06C70075A44A /* L09DemoObjCTests.xctest */;
			productType = "com.apple.product-type.bundle.unit-test";
		};
/* End PBXNativeTarget section */

/* Begin PBXProject section */
		FACD61431B8A06C70075A44A /* Project object */ = {
			isa = PBXProject;
			attributes = {
				LastUpgradeCheck = 0640;
				ORGANIZATIONNAME = gaoruishan;
				TargetAttributes = {
					FACD614A1B8A06C70075A44A = {
						CreatedOnToolsVersion = 6.4;
					};
					FACD61631B8A06C70075A44A = {
						CreatedOnToolsVersion = 6.4;
						TestTargetID = FACD614A1B8A06C70075A44A;
					};
				};
			};
			buildConfigurationList = FACD61461B8A06C70075A44A /* Build configuration list for PBXProject "L09DemoObjC" */;
			compatibilityVersion = "Xcode 3.2";
			developmentRegion = English;
			hasScannedForEncodings = 0;
			knownRegions = (
				en,
				Base,
			);
			mainGroup = FACD61421B8A06C70075A44A;
			productRefGroup = FACD614C1B8A06C70075A44A /* Products */;
			projectDirPath = "";
			projectRoot = "";
			targets = (
				FACD614A1B8A06C70075A44A /* L09DemoObjC */,
				FACD61631B8A06C70075A44A /* L09DemoObjCTests */,
			);
		};
/* End PBXProject section */

/* Begin PBXResourcesBuildPhase section */
		FACD61491B8A06C70075A44A /* Resources */ = {
			isa = PBXResourcesBuildPhase;
			buildActionMask = 2147483647;
			files = (
				FACD615A1B8A06C70075A44A /* Main.storyboard in Resources */,
				FACD615F1B8A06C70075A44A /* LaunchScreen.xib in Resources */,
				FACD615C1B8A06C70075A44A /* Images.xcassets in Resources */,
			);
			runOnlyForDeploymentPostprocessing = 0;
		};
		FACD61621B8A06C70075A44A /* Resources */ = {
			isa = PBXResourcesBuildPhase;
			buildActionMask = 2147483647;
			files = (
			);
			runOnlyForDeploymentPostprocessing = 0;
		};
/* End PBXResourcesBuildPhase section */

/* Begin PBXSourcesBuildPhase section */
		FACD61471B8A06C70075A44A /* Sources */ = {
			isa = PBXSourcesBuildPhase;
			buildActionMask = 2147483647;
			files = (
				FACD61571B8A06C70075A44A /* ViewController.m in Sources */,
				FACD61541B8A06C70075A44A /* AppDelegate.m in Sources */,
				FACD61511B8A06C70075A44A /* main.m in Sources */,
			);
			runOnlyForDeploymentPostprocessing = 0;
		};
		FACD61601B8A06C70075A44A /* Sources */ = {
			isa = PBXSourcesBuildPhase;
			buildActionMask = 2147483647;
			files = (
				FACD616B1B8A06C70075A44A /* L09DemoObjCTests.m in Sources */,
			);
			runOnlyForDeploymentPostprocessing = 0;
		};
/* End PBXSourcesBuildPhase section */

/* Begin PBXTargetDependency section */
		FACD61661B8A06C70075A44A /* PBXTargetDependency */ = {
			isa = PBXTargetDependency;
			target = FACD614A1B8A06C70075A44A /* L09DemoObjC */;
			targetProxy = FACD61651B8A06C70075A44A /* PBXContainerItemProxy */;
		};
/* End PBXTargetDependency section */

/* Begin PBXVariantGroup section */
		FACD61581B8A06C70075A44A /* Main.storyboard */ = {
			isa = PBXVariantGroup;
			children = (
				FACD61591B8A06C70075A44A /* Base */,
			);
			name = Main.storyboard;
			sourceTree = "<group>";
		};
		FACD615D1B8A06C70075A44A /* LaunchScreen.xib */ = {
			isa = PBXVariantGroup;
			children = (
				FACD615E1B8A06C70075A44A /* Base */,
			);
			name = LaunchScreen.xib;
			sourceTree = "<group>";
		};
/* End PBXVariantGroup section */

/* Begin XCBuildConfiguration section */
		FACD616C1B8A06C70075A44A /* Debug */ = {
			isa = XCBuildConfiguration;
			buildSettings = {
				ALWAYS_SEARCH_USER_PATHS = NO;
				CLANG_CXX_LANGUAGE_STANDARD = "gnu++0x";
				CLANG_CXX_LIBRARY = "libc++";
				CLANG_ENABLE_MODULES = YES;
				CLANG_ENABLE_OBJC_ARC = YES;
				CLANG_WARN_BOOL_CONVERSION = YES;
				CLANG_WARN_CONSTANT_CONVERSION = YES;
				CLANG_WARN_DIRECT_OBJC_ISA_USAGE = YES_ERROR;
				CLANG_WARN_EMPTY_BODY = YES;
				CLANG_WARN_ENUM_CONVERSION = YES;
				CLANG_WARN_INT_CONVERSION = YES;
				CLANG_WARN_OBJC_ROOT_CLASS = YES_ERROR;
				CLANG_WARN_UNREACHABLE_CODE = YES;
				CLANG_WARN__DUPLICATE_METHOD_MATCH = YES;
				"CODE_SIGN_IDENTITY[sdk=iphoneos*]" = "iPhone Developer";
				COPY_PHASE_STRIP = NO;
				DEBUG_INFORMATION_FORMAT = "dwarf-with-dsym";
				ENABLE_STRICT_OBJC_MSGSEND = YES;
				GCC_C_LANGUAGE_STANDARD = gnu99;
				GCC_DYNAMIC_NO_PIC = NO;
				GCC_NO_COMMON_BLOCKS = YES;
				GCC_OPTIMIZATION_LEVEL = 0;
				GCC_PREPROCESSOR_DEFINITIONS = (
					"DEBUG=1",
					"$(inherited)",
				);
				GCC_SYMBOLS_PRIVATE_EXTERN = NO;
				GCC_WARN_64_TO_32_BIT_CONVERSION = YES;
				GCC_WARN_ABOUT_RETURN_TYPE = YES_ERROR;
				GCC_WARN_UNDECLARED_SELECTOR = YES;
				GCC_WARN_UNINITIALIZED_AUTOS = YES_AGGRESSIVE;
				GCC_WARN_UNUSED_FUNCTION = YES;
				GCC_WARN_UNUSED_VARIABLE = YES;
				IPHONEOS_DEPLOYMENT_TARGET = 8.4;
				MTL_ENABLE_DEBUG_INFO = YES;
				ONLY_ACTIVE_ARCH = YES;
				SDKROOT = iphoneos;
			};
			name = Debug;
		};
		FACD616D1B8A06C70075A44A /* Release */ = {
			isa = XCBuildConfiguration;
			buildSettings = {
				ALWAYS_SEARCH_USER_PATHS = NO;
				CLANG_CXX_LANGUAGE_STANDARD = "gnu++0x";
				CLANG_CXX_LIBRARY = "libc++";
				CLANG_ENABLE_MODULES = YES;
				CLANG_ENABLE_OBJC_ARC = YES;
				CLANG_WARN_BOOL_CONVERSION = YES;
				CLANG_WARN_CONSTANT_CONVERSION = YES;
				CLANG_WARN_DIRECT_OBJC_ISA_USAGE = YES_ERROR;
				CLANG_WARN_EMPTY_BODY = YES;
				CLANG_WARN_ENUM_CONVERSION = YES;
				CLANG_WARN_INT_CONVERSION = YES;
				CLANG_WARN_OBJC_ROOT_CLASS = YES_ERROR;
				CLANG_WARN_UNREACHABLE_CODE = YES;
				CLANG_WARN__DUPLICATE_METHOD_MATCH = YES;
				"CODE_SIGN_IDENTITY[sdk=iphoneos*]" = "iPhone Developer";
				COPY_PHASE_STRIP = NO;
				DEBUG_INFORMATION_FORMAT = "dwarf-with-dsym";
				ENABLE_NS_ASSERTIONS = NO;
				ENABLE_STRICT_OBJC_MSGSEND = YES;
				GCC_C_LANGUAGE_STANDARD = gnu99;
				GCC_NO_COMMON_BLOCKS = YES;
				GCC_WARN_64_TO_32_BIT_CONVERSION = YES;
				GCC_WARN_ABOUT_RETURN_TYPE = YES_ERROR;
				GCC_WARN_UNDECLARED_SELECTOR = YES;
				GCC_WARN_UNINITIALIZED_AUTOS = YES_AGGRESSIVE;
				GCC_WARN_UNUSED_FUNCTION = YES;
				GCC_WARN_UNUSED_VARIABLE = YES;
				IPHONEOS_DEPLOYMENT_TARGET = 8.4;
				MTL_ENABLE_DEBUG_INFO = NO;
				SDKROOT = iphoneos;
				VALIDATE_PRODUCT = YES;
			};
			name = Release;
		};
		FACD616F1B8A06C70075A44A /* Debug */ = {
			isa = XCBuildConfiguration;
			buildSettings = {
				ASSETCATALOG_COMPILER_APPICON_NAME = AppIcon;
				INFOPLIST_FILE = L09DemoObjC/Info.plist;
				LD_RUNPATH_SEARCH_PATHS = "$(inherited) @executable_path/Frameworks";
				PRODUCT_NAME = "$(TARGET_NAME)";
			};
			name = Debug;
		};
		FACD61701B8A06C70075A44A /* Release */ = {
			isa = XCBuildConfiguration;
			buildSettings = {
				ASSETCATALOG_COMPILER_APPICON_NAME = AppIcon;
				INFOPLIST_FILE = L09DemoObjC/Info.plist;
				LD_RUNPATH_SEARCH_PATHS = "$(inherited) @executable_path/Frameworks";
				PRODUCT_NAME = "$(TARGET_NAME)";
			};
			name = Release;
		};
		FACD61721B8A06C70075A44A /* Debug */ = {
			isa = XCBuildConfiguration;
			buildSettings = {
				BUNDLE_LOADER = "$(TEST_HOST)";
				FRAMEWORK_SEARCH_PATHS = (
					"$(SDKROOT)/Developer/Library/Frameworks",
					"$(inherited)",
				);
				GCC_PREPROCESSOR_DEFINITIONS = (
					"DEBUG=1",
					"$(inherited)",
				);
				INFOPLIST_FILE = L09DemoObjCTests/Info.plist;
				LD_RUNPATH_SEARCH_PATHS = "$(inherited) @executable_path/Frameworks @loader_path/Frameworks";
				PRODUCT_NAME = "$(TARGET_NAME)";
				TEST_HOST = "$(BUILT_PRODUCTS_DIR)/L09DemoObjC.app/L09DemoObjC";
			};
			name = Debug;
		};
		FACD61731B8A06C70075A44A /* Release */ = {
			isa = XCBuildConfiguration;
			buildSettings = {
				BUNDLE_LOADER = "$(TEST_HOST)";
				FRAMEWORK_SEARCH_PATHS = (
					"$(SDKROOT)/Developer/Library/Frameworks",
					"$(inherited)",
				);
				INFOPLIST_FILE = L09DemoObjCTests/Info.plist;
				LD_RUNPATH_SEARCH_PATHS = "$(inherited) @executable_path/Frameworks @loader_path/Frameworks";
				PRODUCT_NAME = "$(TARGET_NAME)";
				TEST_HOST = "$(BUILT_PRODUCTS_DIR)/L09DemoObjC.app/L09DemoObjC";
			};
			name = Release;
		};
/* End XCBuildConfiguration section */

/* Begin XCConfigurationList section */
		FACD61461B8A06C70075A44A /* Build configuration list for PBXProject "L09DemoObjC" */ = {
			isa = XCConfigurationList;
			buildConfigurations = (
				FACD616C1B8A06C70075A44A /* Debug */,
				FACD616D1B8A06C70075A44A /* Release */,
			);
			defaultConfigurationIsVisible = 0;
			defaultConfigurationName = Release;
		};
		FACD616E1B8A06C70075A44A /* Build configuration list for PBXNativeTarget "L09DemoObjC" */ = {
			isa = XCConfigurationList;
			buildConfigurations = (
				FACD616F1B8A06C70075A44A /* Debug */,
				FACD61701B8A06C70075A44A /* Release */,
			);
			defaultConfigurationIsVisible = 0;
		};
		FACD61711B8A06C70075A44A /* Build configuration list for PBXNativeTarget "L09DemoObjCTests" */ = {
			isa = XCConfigurationList;
			buildConfigurations = (
				FACD61721B8A06C70075A44A /* Debug */,
				FACD61731B8A06C70075A44A /* Release */,
			);
			defaultConfigurationIsVisible = 0;
		};
/* End XCConfigurationList section */
	};
	rootObject = FACD61431B8A06C70075A44A /* Project object */;
}
